
Microsoft Visual Studio Solution File, Format Version 12.00
# Visual Studio 15
VisualStudioVersion = 15.0.26124.0
MinimumVisualStudioVersion = 15.0.26124.0
Project("{2150E333-8FDC-42A3-9474-1A3956D46DE8}") = "src", "src", "{147727C2-FCB2-43EB-A788-8B4C566873EE}"
EndProject
Project("{FAE04EC0-301F-11D3-BF4B-00C04F79EFBC}") = "Ranger.Services.Operations", "src\Ranger.Services.Operations\Ranger.Services.Operations.csproj", "{9A281276-6EB2-4864-8505-98707DAD79A3}"
EndProject
Project("{FAE04EC0-301F-11D3-BF4B-00C04F79EFBC}") = "Ranger.Services.Operations.Data", "src\Ranger.Services.Operations.Data\Ranger.Services.Operations.Data.csproj", "{D6A39CF5-EBE3-4F59-8BC8-698827E0CE6A}"
EndProject
Global
	GlobalSection(SolutionConfigurationPlatforms) = preSolution
		Debug|Any CPU = Debug|Any CPU
		Debug|x64 = Debug|x64
		Debug|x86 = Debug|x86
		Release|Any CPU = Release|Any CPU
		Release|x64 = Release|x64
		Release|x86 = Release|x86
	EndGlobalSection
	GlobalSection(SolutionProperties) = preSolution
		HideSolutionNode = FALSE
	EndGlobalSection
	GlobalSection(ProjectConfigurationPlatforms) = postSolution
		{9A281276-6EB2-4864-8505-98707DAD79A3}.Debug|Any CPU.ActiveCfg = Debug|Any CPU
		{9A281276-6EB2-4864-8505-98707DAD79A3}.Debug|Any CPU.Build.0 = Debug|Any CPU
		{9A281276-6EB2-4864-8505-98707DAD79A3}.Debug|x64.ActiveCfg = Debug|Any CPU
		{9A281276-6EB2-4864-8505-98707DAD79A3}.Debug|x64.Build.0 = Debug|Any CPU
		{9A281276-6EB2-4864-8505-98707DAD79A3}.Debug|x86.ActiveCfg = Debug|Any CPU
		{9A281276-6EB2-4864-8505-98707DAD79A3}.Debug|x86.Build.0 = Debug|Any CPU
		{9A281276-6EB2-4864-8505-98707DAD79A3}.Release|Any CPU.ActiveCfg = Release|Any CPU
		{9A281276-6EB2-4864-8505-98707DAD79A3}.Release|Any CPU.Build.0 = Release|Any CPU
		{9A281276-6EB2-4864-8505-98707DAD79A3}.Release|x64.ActiveCfg = Release|Any CPU
		{9A281276-6EB2-4864-8505-98707DAD79A3}.Release|x64.Build.0 = Release|Any CPU
		{9A281276-6EB2-4864-8505-98707DAD79A3}.Release|x86.ActiveCfg = Release|Any CPU
		{9A281276-6EB2-4864-8505-98707DAD79A3}.Release|x86.Build.0 = Release|Any CPU
		{D6A39CF5-EBE3-4F59-8BC8-698827E0CE6A}.Debug|Any CPU.ActiveCfg = Debug|Any CPU
		{D6A39CF5-EBE3-4F59-8BC8-698827E0CE6A}.Debug|Any CPU.Build.0 = Debug|Any CPU
		{D6A39CF5-EBE3-4F59-8BC8-698827E0CE6A}.Debug|x64.ActiveCfg = Debug|Any CPU
		{D6A39CF5-EBE3-4F59-8BC8-698827E0CE6A}.Debug|x64.Build.0 = Debug|Any CPU
		{D6A39CF5-EBE3-4F59-8BC8-698827E0CE6A}.Debug|x86.ActiveCfg = Debug|Any CPU
		{D6A39CF5-EBE3-4F59-8BC8-698827E0CE6A}.Debug|x86.Build.0 = Debug|Any CPU
		{D6A39CF5-EBE3-4F59-8BC8-698827E0CE6A}.Release|Any CPU.ActiveCfg = Release|Any CPU
		{D6A39CF5-EBE3-4F59-8BC8-698827E0CE6A}.Release|Any CPU.Build.0 = Release|Any CPU
		{D6A39CF5-EBE3-4F59-8BC8-698827E0CE6A}.Release|x64.ActiveCfg = Release|Any CPU
		{D6A39CF5-EBE3-4F59-8BC8-698827E0CE6A}.Release|x64.Build.0 = Release|Any CPU
		{D6A39CF5-EBE3-4F59-8BC8-698827E0CE6A}.Release|x86.ActiveCfg = Release|Any CPU
		{D6A39CF5-EBE3-4F59-8BC8-698827E0CE6A}.Release|x86.Build.0 = Release|Any CPU
	EndGlobalSection
	GlobalSection(NestedProjects) = preSolution
		{9A281276-6EB2-4864-8505-98707DAD79A3} = {147727C2-FCB2-43EB-A788-8B4C566873EE}
		{D6A39CF5-EBE3-4F59-8BC8-698827E0CE6A} = {147727C2-FCB2-43EB-A788-8B4C566873EE}
	EndGlobalSection
EndGlobal
